
Microsoft Visual Studio Solution File, Format Version 12.00
# Visual Studio 15
VisualStudioVersion = 15.0.26730.16
MinimumVisualStudioVersion = 10.0.40219.1
Project("{FAE04EC0-301F-11D3-BF4B-00C04F79EFBC}") = "Estructuras con Arreglos", "Estructuras con Arreglos\Estructuras con Arreglos.csproj", "{43CC2B8F-5673-41F4-9323-6561EFA6DC9D}"
EndProject
Global
	GlobalSection(SolutionConfigurationPlatforms) = preSolution
		Debug|Any CPU = Debug|Any CPU
		Release|Any CPU = Release|Any CPU
	EndGlobalSection
	GlobalSection(ProjectConfigurationPlatforms) = postSolution
		{43CC2B8F-5673-41F4-9323-6561EFA6DC9D}.Debug|Any CPU.ActiveCfg = Debug|Any CPU
		{43CC2B8F-5673-41F4-9323-6561EFA6DC9D}.Debug|Any CPU.Build.0 = Debug|Any CPU
		{43CC2B8F-5673-41F4-9323-6561EFA6DC9D}.Release|Any CPU.ActiveCfg = Release|Any CPU
		{43CC2B8F-5673-41F4-9323-6561EFA6DC9D}.Release|Any CPU.Build.0 = Release|Any CPU
	EndGlobalSection
	GlobalSection(SolutionProperties) = preSolution
		HideSolutionNode = FALSE
	EndGlobalSection
	GlobalSection(ExtensibilityGlobals) = postSolution
		SolutionGuid = {12515511-41C0-4FC6-A777-232A4B27B717}
	EndGlobalSection
EndGlobal
